{
  "version": 4,
  "terraform_version": "1.9.2",
  "serial": 10,
  "lineage": "cd724cc3-a9b0-954f-121e-d61daaabab6f",
  "outputs": {},
  "resources": [
    {
      "mode": "managed",
      "type": "aws_eip",
      "name": "nat_gateway",
      "provider": "provider[\"registry.terraform.io/hashicorp/aws\"]",
      "instances": [
        {
          "schema_version": 0,
          "attributes": {
            "address": null,
            "allocation_id": "eipalloc-02d57fe54d1288800",
            "arn": "arn:aws:ec2:us-east-1:131379067404:elastic-ip/eipalloc-02d57fe54d1288800",
            "associate_with_private_ip": null,
            "association_id": "eipassoc-0fd271ea85d6f8108",
            "carrier_ip": "",
            "customer_owned_ip": "",
            "customer_owned_ipv4_pool": "",
            "domain": "vpc",
            "id": "eipalloc-02d57fe54d1288800",
            "instance": "",
            "network_border_group": "us-east-1",
            "network_interface": "eni-061cef0fa24ce3ead",
            "private_dns": "ip-10-1-1-30.ec2.internal",
            "private_ip": "10.1.1.30",
            "ptr_record": "",
            "public_dns": "ec2-52-20-82-6.compute-1.amazonaws.com",
            "public_ip": "52.20.82.6",
            "public_ipv4_pool": "amazon",
            "tags": {},
            "tags_all": {},
            "timeouts": null,
            "vpc": true
          },
          "sensitive_attributes": [],
          "private": "eyJlMmJmYjczMC1lY2FhLTExZTYtOGY4OC0zNDM2M2JjN2M0YzAiOnsiZGVsZXRlIjoxODAwMDAwMDAwMDAsInJlYWQiOjkwMDAwMDAwMDAwMCwidXBkYXRlIjozMDAwMDAwMDAwMDB9fQ=="
        }
      ]
    },
    {
      "mode": "managed",
      "type": "aws_key_pair",
      "name": "cloud9_key_pair",
      "provider": "provider[\"registry.terraform.io/hashicorp/aws\"]",
      "instances": [
        {
          "schema_version": 1,
          "attributes": {
            "arn": "arn:aws:ec2:us-east-1:131379067404:key-pair/final",
            "fingerprint": "cb:81:db:10:f5:72:d4:71:93:10:59:4d:ea:0e:dd:92",
            "id": "final",
            "key_name": "final",
            "key_name_prefix": "",
            "key_pair_id": "key-07bbf4a2770385a8b",
            "key_type": "rsa",
            "public_key": "ssh-rsa AAAAB3NzaC1yc2EAAAADAQABAAACAQC4MVJJaBC31N9C5w/QCY6/nev5ePjaimuWe+fTLYia/rHXEk99l9fO6RO0A6Jy0dvmcORbZM6EABnNEAVP4NoaRAaa/WGsWcLJe71TPI/Ug3VUrrjSPNK14Q3xP8u8v6q3orxqWSqypTEuEgyPQ7OFXY4QNhgxlBOt8YIk6MJG3fHlIXlvgUVNA0CJqq/+/7lp4HsTWhUal7qE6IkkxPDhhi9o9gd/18yiJ4J0umVnumkw23jSmk49PGch4bXHgEey5aVWc5XYY1rv495+1qD4pnaqlCL0vZXkseEcMeHvDTmEn1Oe1PZc1V40i/0RwaeJgPWQ9OJw4efkMtucSJ3W7KIMyPx3GrVRaK1Xe6tdsvHF96hsEKvmWWkDYXdx1BBe5Su0Fg++wxghoSjv4wYAdqlIPApiShBsjbukKSEmib7MaVQtDHyTNimNdj40PABwCj5xEMuNYXNu9BEe16lAasH+5CQxSWIZHOe+sQsKbVCadlWdjO8DgDYzPZ4dlBO0tly9SsjcktoY7eMqzFVy1o1bnyv/SkIQN2416q6xCK0TYZxgSGhFtAN63hp/enxkW7ak93xXb+XPobJD5FZqoe5kkCObZh//6/n7K3yIaWyjzO/LpEHzJxNwajH9JbCblsWDAbFotvGiKxeLvVn+k5MR9pGcPuyeYQavxa832Q== ec2-user@ip-172-31-48-122.ec2.internal",
            "tags": {},
            "tags_all": {}
          },
          "sensitive_attributes": [],
          "private": "eyJzY2hlbWFfdmVyc2lvbiI6IjEifQ=="
        }
      ]
    },
    {
      "mode": "managed",
      "type": "aws_security_group",
      "name": "bastion_sg",
      "provider": "provider[\"registry.terraform.io/hashicorp/aws\"]",
      "instances": [
        {
          "schema_version": 1,
          "attributes": {
            "arn": "arn:aws:ec2:us-east-1:131379067404:security-group/sg-0ca2c6d9f4db11e0d",
            "description": "Managed by Terraform",
            "egress": [
              {
                "cidr_blocks": [
                  "0.0.0.0/0"
                ],
                "description": "",
                "from_port": 0,
                "ipv6_cidr_blocks": [],
                "prefix_list_ids": [],
                "protocol": "-1",
                "security_groups": [],
                "self": false,
                "to_port": 0
              }
            ],
            "id": "sg-0ca2c6d9f4db11e0d",
            "ingress": [
              {
                "cidr_blocks": [
                  "0.0.0.0/0"
                ],
                "description": "",
                "from_port": 22,
                "ipv6_cidr_blocks": [],
                "prefix_list_ids": [],
                "protocol": "tcp",
                "security_groups": [],
                "self": false,
                "to_port": 22
              }
            ],
            "name": "ACS730_Final_Project_Bastion_SG",
            "name_prefix": "",
            "owner_id": "131379067404",
            "revoke_rules_on_delete": false,
            "tags": {
              "Name": "Bastion-SG"
            },
            "tags_all": {
              "Name": "Bastion-SG"
            },
            "timeouts": null,
            "vpc_id": "vpc-08e2296719e95f2fb"
          },
          "sensitive_attributes": [],
          "private": "eyJlMmJmYjczMC1lY2FhLTExZTYtOGY4OC0zNDM2M2JjN2M0YzAiOnsiY3JlYXRlIjo2MDAwMDAwMDAwMDAsImRlbGV0ZSI6OTAwMDAwMDAwMDAwfSwic2NoZW1hX3ZlcnNpb24iOiIxIn0=",
          "dependencies": [
            "aws_vpc.main"
          ]
        }
      ]
    },
    {
      "mode": "managed",
      "type": "aws_security_group",
      "name": "webserver_sg",
      "provider": "provider[\"registry.terraform.io/hashicorp/aws\"]",
      "instances": [
        {
          "schema_version": 1,
          "attributes": {
            "arn": "arn:aws:ec2:us-east-1:131379067404:security-group/sg-0fc53ee7a426cf6c4",
            "description": "Managed by Terraform",
            "egress": [
              {
                "cidr_blocks": [
                  "0.0.0.0/0"
                ],
                "description": "",
                "from_port": 0,
                "ipv6_cidr_blocks": [],
                "prefix_list_ids": [],
                "protocol": "-1",
                "security_groups": [],
                "self": false,
                "to_port": 0
              }
            ],
            "id": "sg-0fc53ee7a426cf6c4",
            "ingress": [
              {
                "cidr_blocks": [
                  "0.0.0.0/0"
                ],
                "description": "",
                "from_port": 22,
                "ipv6_cidr_blocks": [],
                "prefix_list_ids": [],
                "protocol": "tcp",
                "security_groups": [],
                "self": false,
                "to_port": 22
              },
              {
                "cidr_blocks": [
                  "0.0.0.0/0"
                ],
                "description": "",
                "from_port": 80,
                "ipv6_cidr_blocks": [],
                "prefix_list_ids": [],
                "protocol": "tcp",
                "security_groups": [],
                "self": false,
                "to_port": 80
              }
            ],
            "name": "ACS730_Final_Project_Webserver_SG",
            "name_prefix": "",
            "owner_id": "131379067404",
            "revoke_rules_on_delete": false,
            "tags": {
              "Name": "Webserver-SG"
            },
            "tags_all": {
              "Name": "Webserver-SG"
            },
            "timeouts": null,
            "vpc_id": "vpc-08e2296719e95f2fb"
          },
          "sensitive_attributes": [],
          "private": "eyJlMmJmYjczMC1lY2FhLTExZTYtOGY4OC0zNDM2M2JjN2M0YzAiOnsiY3JlYXRlIjo2MDAwMDAwMDAwMDAsImRlbGV0ZSI6OTAwMDAwMDAwMDAwfSwic2NoZW1hX3ZlcnNpb24iOiIxIn0=",
          "dependencies": [
            "aws_vpc.main"
          ]
        }
      ]
    },
    {
      "mode": "managed",
      "type": "aws_subnet",
      "name": "public_subnet_1",
      "provider": "provider[\"registry.terraform.io/hashicorp/aws\"]",
      "instances": [
        {
          "schema_version": 1,
          "attributes": {
            "arn": "arn:aws:ec2:us-east-1:131379067404:subnet/subnet-03bd43e7a668e1a7b",
            "assign_ipv6_address_on_creation": false,
            "availability_zone": "us-east-1a",
            "availability_zone_id": "use1-az2",
            "cidr_block": "10.1.1.0/24",
            "customer_owned_ipv4_pool": "",
            "enable_dns64": false,
            "enable_lni_at_device_index": 0,
            "enable_resource_name_dns_a_record_on_launch": false,
            "enable_resource_name_dns_aaaa_record_on_launch": false,
            "id": "subnet-03bd43e7a668e1a7b",
            "ipv6_cidr_block": "",
            "ipv6_cidr_block_association_id": "",
            "ipv6_native": false,
            "map_customer_owned_ip_on_launch": false,
            "map_public_ip_on_launch": false,
            "outpost_arn": "",
            "owner_id": "131379067404",
            "private_dns_hostname_type_on_launch": "ip-name",
            "tags": {
              "Name": "Public-Subnet-1"
            },
            "tags_all": {
              "Name": "Public-Subnet-1"
            },
            "timeouts": null,
            "vpc_id": "vpc-08e2296719e95f2fb"
          },
          "sensitive_attributes": [],
          "private": "eyJlMmJmYjczMC1lY2FhLTExZTYtOGY4OC0zNDM2M2JjN2M0YzAiOnsiY3JlYXRlIjo2MDAwMDAwMDAwMDAsImRlbGV0ZSI6MTIwMDAwMDAwMDAwMH0sInNjaGVtYV92ZXJzaW9uIjoiMSJ9",
          "dependencies": [
            "aws_vpc.main"
          ]
        }
      ]
    },
    {
      "mode": "managed",
      "type": "aws_subnet",
      "name": "public_subnet_2",
      "provider": "provider[\"registry.terraform.io/hashicorp/aws\"]",
      "instances": [
        {
          "schema_version": 1,
          "attributes": {
            "arn": "arn:aws:ec2:us-east-1:131379067404:subnet/subnet-0bf2b6d98dd398658",
            "assign_ipv6_address_on_creation": false,
            "availability_zone": "us-east-1b",
            "availability_zone_id": "use1-az4",
            "cidr_block": "10.1.2.0/24",
            "customer_owned_ipv4_pool": "",
            "enable_dns64": false,
            "enable_lni_at_device_index": 0,
            "enable_resource_name_dns_a_record_on_launch": false,
            "enable_resource_name_dns_aaaa_record_on_launch": false,
            "id": "subnet-0bf2b6d98dd398658",
            "ipv6_cidr_block": "",
            "ipv6_cidr_block_association_id": "",
            "ipv6_native": false,
            "map_customer_owned_ip_on_launch": false,
            "map_public_ip_on_launch": false,
            "outpost_arn": "",
            "owner_id": "131379067404",
            "private_dns_hostname_type_on_launch": "ip-name",
            "tags": {
              "Name": "Public-Subnet-2"
            },
            "tags_all": {
              "Name": "Public-Subnet-2"
            },
            "timeouts": null,
            "vpc_id": "vpc-08e2296719e95f2fb"
          },
          "sensitive_attributes": [],
          "private": "eyJlMmJmYjczMC1lY2FhLTExZTYtOGY4OC0zNDM2M2JjN2M0YzAiOnsiY3JlYXRlIjo2MDAwMDAwMDAwMDAsImRlbGV0ZSI6MTIwMDAwMDAwMDAwMH0sInNjaGVtYV92ZXJzaW9uIjoiMSJ9",
          "dependencies": [
            "aws_vpc.main"
          ]
        }
      ]
    },
    {
      "mode": "managed",
      "type": "aws_subnet",
      "name": "public_subnet_3",
      "provider": "provider[\"registry.terraform.io/hashicorp/aws\"]",
      "instances": [
        {
          "schema_version": 1,
          "attributes": {
            "arn": "arn:aws:ec2:us-east-1:131379067404:subnet/subnet-0a486d62824990a63",
            "assign_ipv6_address_on_creation": false,
            "availability_zone": "us-east-1c",
            "availability_zone_id": "use1-az6",
            "cidr_block": "10.1.3.0/24",
            "customer_owned_ipv4_pool": "",
            "enable_dns64": false,
            "enable_lni_at_device_index": 0,
            "enable_resource_name_dns_a_record_on_launch": false,
            "enable_resource_name_dns_aaaa_record_on_launch": false,
            "id": "subnet-0a486d62824990a63",
            "ipv6_cidr_block": "",
            "ipv6_cidr_block_association_id": "",
            "ipv6_native": false,
            "map_customer_owned_ip_on_launch": false,
            "map_public_ip_on_launch": false,
            "outpost_arn": "",
            "owner_id": "131379067404",
            "private_dns_hostname_type_on_launch": "ip-name",
            "tags": {
              "Name": "Public-Subnet-3"
            },
            "tags_all": {
              "Name": "Public-Subnet-3"
            },
            "timeouts": null,
            "vpc_id": "vpc-08e2296719e95f2fb"
          },
          "sensitive_attributes": [],
          "private": "eyJlMmJmYjczMC1lY2FhLTExZTYtOGY4OC0zNDM2M2JjN2M0YzAiOnsiY3JlYXRlIjo2MDAwMDAwMDAwMDAsImRlbGV0ZSI6MTIwMDAwMDAwMDAwMH0sInNjaGVtYV92ZXJzaW9uIjoiMSJ9",
          "dependencies": [
            "aws_vpc.main"
          ]
        }
      ]
    },
    {
      "mode": "managed",
      "type": "aws_vpc",
      "name": "main",
      "provider": "provider[\"registry.terraform.io/hashicorp/aws\"]",
      "instances": [
        {
          "schema_version": 1,
          "attributes": {
            "arn": "arn:aws:ec2:us-east-1:131379067404:vpc/vpc-08e2296719e95f2fb",
            "assign_generated_ipv6_cidr_block": false,
            "cidr_block": "10.1.0.0/16",
            "default_network_acl_id": "acl-02c1839099601380f",
            "default_route_table_id": "rtb-0b177189bb7fed3a6",
            "default_security_group_id": "sg-0312119ea427ec5c9",
            "dhcp_options_id": "dopt-036364faf21801719",
            "enable_dns_hostnames": false,
            "enable_dns_support": true,
            "enable_network_address_usage_metrics": false,
            "id": "vpc-08e2296719e95f2fb",
            "instance_tenancy": "default",
            "ipv4_ipam_pool_id": null,
            "ipv4_netmask_length": null,
            "ipv6_association_id": "",
            "ipv6_cidr_block": "",
            "ipv6_cidr_block_network_border_group": "",
            "ipv6_ipam_pool_id": "",
            "ipv6_netmask_length": 0,
            "main_route_table_id": "rtb-0b177189bb7fed3a6",
            "owner_id": "131379067404",
            "tags": {
              "Name": "ACS730_Final_Project_VPC"
            },
            "tags_all": {
              "Name": "ACS730_Final_Project_VPC"
            }
          },
          "sensitive_attributes": [],
          "private": "eyJzY2hlbWFfdmVyc2lvbiI6IjEifQ=="
        }
      ]
    }
  ],
  "check_results": null
}
